
Microsoft Visual Studio Solution File, Format Version 12.00
# Visual Studio Version 17
VisualStudioVersion = 17.0.31903.59
MinimumVisualStudioVersion = 10.0.40219.1
Project("{2150E333-8FDC-42A3-9474-1A3956D46DE8}") = "src", "src", "{827E0CD3-B72D-47B6-A68D-7590B98EB39B}"
EndProject
Project("{FAE04EC0-301F-11D3-BF4B-00C04F79EFBC}") = "QuickApiMapper.Web", "src\QuickApiMapper.Web\QuickApiMapper.Web.csproj", "{FA4FD2F5-D5CB-42A6-A61C-EEB625B13C75}"
EndProject
Project("{FAE04EC0-301F-11D3-BF4B-00C04F79EFBC}") = "QuickApiMapper.Application", "src\QuickApiMapper.Application\QuickApiMapper.Application.csproj", "{FC913CFD-4DB7-49C0-AB72-78148DA69F65}"
EndProject
Project("{FAE04EC0-301F-11D3-BF4B-00C04F79EFBC}") = "QuickApiMapper.Contracts", "src\QuickApiMapper.Contracts\QuickApiMapper.Contracts.csproj", "{8DE2D525-473C-42C7-96AF-72D170531D71}"
EndProject
Project("{FAE04EC0-301F-11D3-BF4B-00C04F79EFBC}") = "QuickApiMapper.Persistence.Abstractions", "src\QuickApiMapper.Persistence.Abstractions\QuickApiMapper.Persistence.Abstractions.csproj", "{11152314-53AC-4FAB-8FEB-D82263B42E16}"
EndProject
Project("{FAE04EC0-301F-11D3-BF4B-00C04F79EFBC}") = "QuickApiMapper.Behaviors", "src\QuickApiMapper.Behaviors\QuickApiMapper.Behaviors.csproj", "{5D64BFBD-D24B-4A94-92F0-41461AA63CBD}"
EndProject
Project("{FAE04EC0-301F-11D3-BF4B-00C04F79EFBC}") = "QuickApiMapper.MessageCapture.Abstractions", "src\QuickApiMapper.MessageCapture.Abstractions\QuickApiMapper.MessageCapture.Abstractions.csproj", "{2715665F-1193-4EE1-A307-B70997A411BA}"
EndProject
Project("{FAE04EC0-301F-11D3-BF4B-00C04F79EFBC}") = "QuickApiMapper.Host.ServiceDefaults", "src\QuickApiMapper.Host.ServiceDefaults\QuickApiMapper.Host.ServiceDefaults.csproj", "{D9EF119C-7BAD-44F9-97E9-FC46EE564836}"
EndProject
Project("{FAE04EC0-301F-11D3-BF4B-00C04F79EFBC}") = "QuickApiMapper.MessageCapture.InMemory", "src\QuickApiMapper.MessageCapture.InMemory\QuickApiMapper.MessageCapture.InMemory.csproj", "{266DF705-C423-4A33-A942-2B7E6A207BDE}"
EndProject
Project("{FAE04EC0-301F-11D3-BF4B-00C04F79EFBC}") = "QuickApiMapper.CustomTransformers", "src\QuickApiMapper.CustomTransformers\QuickApiMapper.CustomTransformers.csproj", "{6195A1EF-EE0B-490C-A564-027F785CE850}"
EndProject
Project("{FAE04EC0-301F-11D3-BF4B-00C04F79EFBC}") = "QuickApiMapper.StandardTransformers", "src\QuickApiMapper.StandardTransformers\QuickApiMapper.StandardTransformers.csproj", "{4DAE2538-B028-46E3-8D3B-3D74554D9B47}"
EndProject
Project("{FAE04EC0-301F-11D3-BF4B-00C04F79EFBC}") = "QuickApiMapper.Designer.Web", "src\QuickApiMapper.Designer.Web\QuickApiMapper.Designer.Web.csproj", "{14EE225E-8B6D-4023-8135-24B867C91ACC}"
EndProject
Project("{FAE04EC0-301F-11D3-BF4B-00C04F79EFBC}") = "QuickApiMapper.Management.Api", "src\QuickApiMapper.Management.Api\QuickApiMapper.Management.Api.csproj", "{26D4AA1B-7C1F-4121-8434-8E97B3B3B708}"
EndProject
Project("{FAE04EC0-301F-11D3-BF4B-00C04F79EFBC}") = "QuickApiMapper.Management.Contracts", "src\QuickApiMapper.Management.Contracts\QuickApiMapper.Management.Contracts.csproj", "{B7C2A509-68EA-484C-AA44-8848A27744DC}"
EndProject
Project("{FAE04EC0-301F-11D3-BF4B-00C04F79EFBC}") = "QuickApiMapper.Persistence.PostgreSQL", "src\QuickApiMapper.Persistence.PostgreSQL\QuickApiMapper.Persistence.PostgreSQL.csproj", "{62F50E1F-FA54-4479-A89A-F813502C26E5}"
EndProject
Project("{FAE04EC0-301F-11D3-BF4B-00C04F79EFBC}") = "QuickApiMapper.Persistence.SQLite", "src\QuickApiMapper.Persistence.SQLite\QuickApiMapper.Persistence.SQLite.csproj", "{A1E37E93-D6EE-4979-ACFC-8918374C76A5}"
EndProject
Project("{FAE04EC0-301F-11D3-BF4B-00C04F79EFBC}") = "QuickApiMapper.Host.AppHost", "src\QuickApiMapper.Host.AppHost\QuickApiMapper.Host.AppHost.csproj", "{AFAF5EC2-6D60-48F2-B46B-8E66B502EDA0}"
EndProject
Project("{FAE04EC0-301F-11D3-BF4B-00C04F79EFBC}") = "QuickApiMapper.Extensions.gRPC", "src\QuickApiMapper.Extensions.gRPC\QuickApiMapper.Extensions.gRPC.csproj", "{A9BEC6C4-E8C7-404E-AF88-2DF245DF55D4}"
EndProject
Project("{FAE04EC0-301F-11D3-BF4B-00C04F79EFBC}") = "QuickApiMapper.Extensions.RabbitMQ", "src\QuickApiMapper.Extensions.RabbitMQ\QuickApiMapper.Extensions.RabbitMQ.csproj", "{F48822C4-6C22-4AF3-84C0-4C8C16C088AD}"
EndProject
Project("{FAE04EC0-301F-11D3-BF4B-00C04F79EFBC}") = "QuickApiMapper.Extensions.ServiceBus", "src\QuickApiMapper.Extensions.ServiceBus\QuickApiMapper.Extensions.ServiceBus.csproj", "{CB074930-8609-4C9A-BE89-27AE7B3E9389}"
EndProject
Project("{FAE04EC0-301F-11D3-BF4B-00C04F79EFBC}") = "QuickApiMapper.Tools.Migrator", "src\QuickApiMapper.Tools.Migrator\QuickApiMapper.Tools.Migrator.csproj", "{02EC50C9-9271-411C-9AC3-AFA6D1F8C369}"
EndProject
Project("{2150E333-8FDC-42A3-9474-1A3956D46DE8}") = "tests", "tests", "{0AB3BF05-4346-4AA6-1389-037BE0695223}"
EndProject
Project("{FAE04EC0-301F-11D3-BF4B-00C04F79EFBC}") = "QuickApiMapper.UnitTests", "tests\QuickApiMapper.UnitTests\QuickApiMapper.UnitTests.csproj", "{FD2C0C6C-332B-407E-BDDA-D3D39468CF37}"
EndProject
Project("{FAE04EC0-301F-11D3-BF4B-00C04F79EFBC}") = "QuickApiMapper.IntegrationTests", "tests\QuickApiMapper.IntegrationTests\QuickApiMapper.IntegrationTests.csproj", "{B99890BA-45E0-452C-9C51-1727006F070F}"
EndProject
Global
	GlobalSection(SolutionConfigurationPlatforms) = preSolution
		Debug|Any CPU = Debug|Any CPU
		Debug|x64 = Debug|x64
		Debug|x86 = Debug|x86
		Release|Any CPU = Release|Any CPU
		Release|x64 = Release|x64
		Release|x86 = Release|x86
	EndGlobalSection
	GlobalSection(ProjectConfigurationPlatforms) = postSolution
		{FA4FD2F5-D5CB-42A6-A61C-EEB625B13C75}.Debug|Any CPU.ActiveCfg = Debug|Any CPU
		{FA4FD2F5-D5CB-42A6-A61C-EEB625B13C75}.Debug|Any CPU.Build.0 = Debug|Any CPU
		{FA4FD2F5-D5CB-42A6-A61C-EEB625B13C75}.Debug|x64.ActiveCfg = Debug|Any CPU
		{FA4FD2F5-D5CB-42A6-A61C-EEB625B13C75}.Debug|x64.Build.0 = Debug|Any CPU
		{FA4FD2F5-D5CB-42A6-A61C-EEB625B13C75}.Debug|x86.ActiveCfg = Debug|Any CPU
		{FA4FD2F5-D5CB-42A6-A61C-EEB625B13C75}.Debug|x86.Build.0 = Debug|Any CPU
		{FA4FD2F5-D5CB-42A6-A61C-EEB625B13C75}.Release|Any CPU.ActiveCfg = Release|Any CPU
		{FA4FD2F5-D5CB-42A6-A61C-EEB625B13C75}.Release|Any CPU.Build.0 = Release|Any CPU
		{FA4FD2F5-D5CB-42A6-A61C-EEB625B13C75}.Release|x64.ActiveCfg = Release|Any CPU
		{FA4FD2F5-D5CB-42A6-A61C-EEB625B13C75}.Release|x64.Build.0 = Release|Any CPU
		{FA4FD2F5-D5CB-42A6-A61C-EEB625B13C75}.Release|x86.ActiveCfg = Release|Any CPU
		{FA4FD2F5-D5CB-42A6-A61C-EEB625B13C75}.Release|x86.Build.0 = Release|Any CPU
		{FC913CFD-4DB7-49C0-AB72-78148DA69F65}.Debug|Any CPU.ActiveCfg = Debug|Any CPU
		{FC913CFD-4DB7-49C0-AB72-78148DA69F65}.Debug|Any CPU.Build.0 = Debug|Any CPU
		{FC913CFD-4DB7-49C0-AB72-78148DA69F65}.Debug|x64.ActiveCfg = Debug|Any CPU
		{FC913CFD-4DB7-49C0-AB72-78148DA69F65}.Debug|x64.Build.0 = Debug|Any CPU
		{FC913CFD-4DB7-49C0-AB72-78148DA69F65}.Debug|x86.ActiveCfg = Debug|Any CPU
		{FC913CFD-4DB7-49C0-AB72-78148DA69F65}.Debug|x86.Build.0 = Debug|Any CPU
		{FC913CFD-4DB7-49C0-AB72-78148DA69F65}.Release|Any CPU.ActiveCfg = Release|Any CPU
		{FC913CFD-4DB7-49C0-AB72-78148DA69F65}.Release|Any CPU.Build.0 = Release|Any CPU
		{FC913CFD-4DB7-49C0-AB72-78148DA69F65}.Release|x64.ActiveCfg = Release|Any CPU
		{FC913CFD-4DB7-49C0-AB72-78148DA69F65}.Release|x64.Build.0 = Release|Any CPU
		{FC913CFD-4DB7-49C0-AB72-78148DA69F65}.Release|x86.ActiveCfg = Release|Any CPU
		{FC913CFD-4DB7-49C0-AB72-78148DA69F65}.Release|x86.Build.0 = Release|Any CPU
		{8DE2D525-473C-42C7-96AF-72D170531D71}.Debug|Any CPU.ActiveCfg = Debug|Any CPU
		{8DE2D525-473C-42C7-96AF-72D170531D71}.Debug|Any CPU.Build.0 = Debug|Any CPU
		{8DE2D525-473C-42C7-96AF-72D170531D71}.Debug|x64.ActiveCfg = Debug|Any CPU
		{8DE2D525-473C-42C7-96AF-72D170531D71}.Debug|x64.Build.0 = Debug|Any CPU
		{8DE2D525-473C-42C7-96AF-72D170531D71}.Debug|x86.ActiveCfg = Debug|Any CPU
		{8DE2D525-473C-42C7-96AF-72D170531D71}.Debug|x86.Build.0 = Debug|Any CPU
		{8DE2D525-473C-42C7-96AF-72D170531D71}.Release|Any CPU.ActiveCfg = Release|Any CPU
		{8DE2D525-473C-42C7-96AF-72D170531D71}.Release|Any CPU.Build.0 = Release|Any CPU
		{8DE2D525-473C-42C7-96AF-72D170531D71}.Release|x64.ActiveCfg = Release|Any CPU
		{8DE2D525-473C-42C7-96AF-72D170531D71}.Release|x64.Build.0 = Release|Any CPU
		{8DE2D525-473C-42C7-96AF-72D170531D71}.Release|x86.ActiveCfg = Release|Any CPU
		{8DE2D525-473C-42C7-96AF-72D170531D71}.Release|x86.Build.0 = Release|Any CPU
		{11152314-53AC-4FAB-8FEB-D82263B42E16}.Debug|Any CPU.ActiveCfg = Debug|Any CPU
		{11152314-53AC-4FAB-8FEB-D82263B42E16}.Debug|Any CPU.Build.0 = Debug|Any CPU
		{11152314-53AC-4FAB-8FEB-D82263B42E16}.Debug|x64.ActiveCfg = Debug|Any CPU
		{11152314-53AC-4FAB-8FEB-D82263B42E16}.Debug|x64.Build.0 = Debug|Any CPU
		{11152314-53AC-4FAB-8FEB-D82263B42E16}.Debug|x86.ActiveCfg = Debug|Any CPU
		{11152314-53AC-4FAB-8FEB-D82263B42E16}.Debug|x86.Build.0 = Debug|Any CPU
		{11152314-53AC-4FAB-8FEB-D82263B42E16}.Release|Any CPU.ActiveCfg = Release|Any CPU
		{11152314-53AC-4FAB-8FEB-D82263B42E16}.Release|Any CPU.Build.0 = Release|Any CPU
		{11152314-53AC-4FAB-8FEB-D82263B42E16}.Release|x64.ActiveCfg = Release|Any CPU
		{11152314-53AC-4FAB-8FEB-D82263B42E16}.Release|x64.Build.0 = Release|Any CPU
		{11152314-53AC-4FAB-8FEB-D82263B42E16}.Release|x86.ActiveCfg = Release|Any CPU
		{11152314-53AC-4FAB-8FEB-D82263B42E16}.Release|x86.Build.0 = Release|Any CPU
		{5D64BFBD-D24B-4A94-92F0-41461AA63CBD}.Debug|Any CPU.ActiveCfg = Debug|Any CPU
		{5D64BFBD-D24B-4A94-92F0-41461AA63CBD}.Debug|Any CPU.Build.0 = Debug|Any CPU
		{5D64BFBD-D24B-4A94-92F0-41461AA63CBD}.Debug|x64.ActiveCfg = Debug|Any CPU
		{5D64BFBD-D24B-4A94-92F0-41461AA63CBD}.Debug|x64.Build.0 = Debug|Any CPU
		{5D64BFBD-D24B-4A94-92F0-41461AA63CBD}.Debug|x86.ActiveCfg = Debug|Any CPU
		{5D64BFBD-D24B-4A94-92F0-41461AA63CBD}.Debug|x86.Build.0 = Debug|Any CPU
		{5D64BFBD-D24B-4A94-92F0-41461AA63CBD}.Release|Any CPU.ActiveCfg = Release|Any CPU
		{5D64BFBD-D24B-4A94-92F0-41461AA63CBD}.Release|Any CPU.Build.0 = Release|Any CPU
		{5D64BFBD-D24B-4A94-92F0-41461AA63CBD}.Release|x64.ActiveCfg = Release|Any CPU
		{5D64BFBD-D24B-4A94-92F0-41461AA63CBD}.Release|x64.Build.0 = Release|Any CPU
		{5D64BFBD-D24B-4A94-92F0-41461AA63CBD}.Release|x86.ActiveCfg = Release|Any CPU
		{5D64BFBD-D24B-4A94-92F0-41461AA63CBD}.Release|x86.Build.0 = Release|Any CPU
		{2715665F-1193-4EE1-A307-B70997A411BA}.Debug|Any CPU.ActiveCfg = Debug|Any CPU
		{2715665F-1193-4EE1-A307-B70997A411BA}.Debug|Any CPU.Build.0 = Debug|Any CPU
		{2715665F-1193-4EE1-A307-B70997A411BA}.Debug|x64.ActiveCfg = Debug|Any CPU
		{2715665F-1193-4EE1-A307-B70997A411BA}.Debug|x64.Build.0 = Debug|Any CPU
		{2715665F-1193-4EE1-A307-B70997A411BA}.Debug|x86.ActiveCfg = Debug|Any CPU
		{2715665F-1193-4EE1-A307-B70997A411BA}.Debug|x86.Build.0 = Debug|Any CPU
		{2715665F-1193-4EE1-A307-B70997A411BA}.Release|Any CPU.ActiveCfg = Release|Any CPU
		{2715665F-1193-4EE1-A307-B70997A411BA}.Release|Any CPU.Build.0 = Release|Any CPU
		{2715665F-1193-4EE1-A307-B70997A411BA}.Release|x64.ActiveCfg = Release|Any CPU
		{2715665F-1193-4EE1-A307-B70997A411BA}.Release|x64.Build.0 = Release|Any CPU
		{2715665F-1193-4EE1-A307-B70997A411BA}.Release|x86.ActiveCfg = Release|Any CPU
		{2715665F-1193-4EE1-A307-B70997A411BA}.Release|x86.Build.0 = Release|Any CPU
		{D9EF119C-7BAD-44F9-97E9-FC46EE564836}.Debug|Any CPU.ActiveCfg = Debug|Any CPU
		{D9EF119C-7BAD-44F9-97E9-FC46EE564836}.Debug|Any CPU.Build.0 = Debug|Any CPU
		{D9EF119C-7BAD-44F9-97E9-FC46EE564836}.Debug|x64.ActiveCfg = Debug|Any CPU
		{D9EF119C-7BAD-44F9-97E9-FC46EE564836}.Debug|x64.Build.0 = Debug|Any CPU
		{D9EF119C-7BAD-44F9-97E9-FC46EE564836}.Debug|x86.ActiveCfg = Debug|Any CPU
		{D9EF119C-7BAD-44F9-97E9-FC46EE564836}.Debug|x86.Build.0 = Debug|Any CPU
		{D9EF119C-7BAD-44F9-97E9-FC46EE564836}.Release|Any CPU.ActiveCfg = Release|Any CPU
		{D9EF119C-7BAD-44F9-97E9-FC46EE564836}.Release|Any CPU.Build.0 = Release|Any CPU
		{D9EF119C-7BAD-44F9-97E9-FC46EE564836}.Release|x64.ActiveCfg = Release|Any CPU
		{D9EF119C-7BAD-44F9-97E9-FC46EE564836}.Release|x64.Build.0 = Release|Any CPU
		{D9EF119C-7BAD-44F9-97E9-FC46EE564836}.Release|x86.ActiveCfg = Release|Any CPU
		{D9EF119C-7BAD-44F9-97E9-FC46EE564836}.Release|x86.Build.0 = Release|Any CPU
		{266DF705-C423-4A33-A942-2B7E6A207BDE}.Debug|Any CPU.ActiveCfg = Debug|Any CPU
		{266DF705-C423-4A33-A942-2B7E6A207BDE}.Debug|Any CPU.Build.0 = Debug|Any CPU
		{266DF705-C423-4A33-A942-2B7E6A207BDE}.Debug|x64.ActiveCfg = Debug|Any CPU
		{266DF705-C423-4A33-A942-2B7E6A207BDE}.Debug|x64.Build.0 = Debug|Any CPU
		{266DF705-C423-4A33-A942-2B7E6A207BDE}.Debug|x86.ActiveCfg = Debug|Any CPU
		{266DF705-C423-4A33-A942-2B7E6A207BDE}.Debug|x86.Build.0 = Debug|Any CPU
		{266DF705-C423-4A33-A942-2B7E6A207BDE}.Release|Any CPU.ActiveCfg = Release|Any CPU
		{266DF705-C423-4A33-A942-2B7E6A207BDE}.Release|Any CPU.Build.0 = Release|Any CPU
		{266DF705-C423-4A33-A942-2B7E6A207BDE}.Release|x64.ActiveCfg = Release|Any CPU
		{266DF705-C423-4A33-A942-2B7E6A207BDE}.Release|x64.Build.0 = Release|Any CPU
		{266DF705-C423-4A33-A942-2B7E6A207BDE}.Release|x86.ActiveCfg = Release|Any CPU
		{266DF705-C423-4A33-A942-2B7E6A207BDE}.Release|x86.Build.0 = Release|Any CPU
		{6195A1EF-EE0B-490C-A564-027F785CE850}.Debug|Any CPU.ActiveCfg = Debug|Any CPU
		{6195A1EF-EE0B-490C-A564-027F785CE850}.Debug|Any CPU.Build.0 = Debug|Any CPU
		{6195A1EF-EE0B-490C-A564-027F785CE850}.Debug|x64.ActiveCfg = Debug|Any CPU
		{6195A1EF-EE0B-490C-A564-027F785CE850}.Debug|x64.Build.0 = Debug|Any CPU
		{6195A1EF-EE0B-490C-A564-027F785CE850}.Debug|x86.ActiveCfg = Debug|Any CPU
		{6195A1EF-EE0B-490C-A564-027F785CE850}.Debug|x86.Build.0 = Debug|Any CPU
		{6195A1EF-EE0B-490C-A564-027F785CE850}.Release|Any CPU.ActiveCfg = Release|Any CPU
		{6195A1EF-EE0B-490C-A564-027F785CE850}.Release|Any CPU.Build.0 = Release|Any CPU
		{6195A1EF-EE0B-490C-A564-027F785CE850}.Release|x64.ActiveCfg = Release|Any CPU
		{6195A1EF-EE0B-490C-A564-027F785CE850}.Release|x64.Build.0 = Release|Any CPU
		{6195A1EF-EE0B-490C-A564-027F785CE850}.Release|x86.ActiveCfg = Release|Any CPU
		{6195A1EF-EE0B-490C-A564-027F785CE850}.Release|x86.Build.0 = Release|Any CPU
		{4DAE2538-B028-46E3-8D3B-3D74554D9B47}.Debug|Any CPU.ActiveCfg = Debug|Any CPU
		{4DAE2538-B028-46E3-8D3B-3D74554D9B47}.Debug|Any CPU.Build.0 = Debug|Any CPU
		{4DAE2538-B028-46E3-8D3B-3D74554D9B47}.Debug|x64.ActiveCfg = Debug|Any CPU
		{4DAE2538-B028-46E3-8D3B-3D74554D9B47}.Debug|x64.Build.0 = Debug|Any CPU
		{4DAE2538-B028-46E3-8D3B-3D74554D9B47}.Debug|x86.ActiveCfg = Debug|Any CPU
		{4DAE2538-B028-46E3-8D3B-3D74554D9B47}.Debug|x86.Build.0 = Debug|Any CPU
		{4DAE2538-B028-46E3-8D3B-3D74554D9B47}.Release|Any CPU.ActiveCfg = Release|Any CPU
		{4DAE2538-B028-46E3-8D3B-3D74554D9B47}.Release|Any CPU.Build.0 = Release|Any CPU
		{4DAE2538-B028-46E3-8D3B-3D74554D9B47}.Release|x64.ActiveCfg = Release|Any CPU
		{4DAE2538-B028-46E3-8D3B-3D74554D9B47}.Release|x64.Build.0 = Release|Any CPU
		{4DAE2538-B028-46E3-8D3B-3D74554D9B47}.Release|x86.ActiveCfg = Release|Any CPU
		{4DAE2538-B028-46E3-8D3B-3D74554D9B47}.Release|x86.Build.0 = Release|Any CPU
		{14EE225E-8B6D-4023-8135-24B867C91ACC}.Debug|Any CPU.ActiveCfg = Debug|Any CPU
		{14EE225E-8B6D-4023-8135-24B867C91ACC}.Debug|Any CPU.Build.0 = Debug|Any CPU
		{14EE225E-8B6D-4023-8135-24B867C91ACC}.Debug|x64.ActiveCfg = Debug|Any CPU
		{14EE225E-8B6D-4023-8135-24B867C91ACC}.Debug|x64.Build.0 = Debug|Any CPU
		{14EE225E-8B6D-4023-8135-24B867C91ACC}.Debug|x86.ActiveCfg = Debug|Any CPU
		{14EE225E-8B6D-4023-8135-24B867C91ACC}.Debug|x86.Build.0 = Debug|Any CPU
		{14EE225E-8B6D-4023-8135-24B867C91ACC}.Release|Any CPU.ActiveCfg = Release|Any CPU
		{14EE225E-8B6D-4023-8135-24B867C91ACC}.Release|Any CPU.Build.0 = Release|Any CPU
		{14EE225E-8B6D-4023-8135-24B867C91ACC}.Release|x64.ActiveCfg = Release|Any CPU
		{14EE225E-8B6D-4023-8135-24B867C91ACC}.Release|x64.Build.0 = Release|Any CPU
		{14EE225E-8B6D-4023-8135-24B867C91ACC}.Release|x86.ActiveCfg = Release|Any CPU
		{14EE225E-8B6D-4023-8135-24B867C91ACC}.Release|x86.Build.0 = Release|Any CPU
		{26D4AA1B-7C1F-4121-8434-8E97B3B3B708}.Debug|Any CPU.ActiveCfg = Debug|Any CPU
		{26D4AA1B-7C1F-4121-8434-8E97B3B3B708}.Debug|Any CPU.Build.0 = Debug|Any CPU
		{26D4AA1B-7C1F-4121-8434-8E97B3B3B708}.Debug|x64.ActiveCfg = Debug|Any CPU
		{26D4AA1B-7C1F-4121-8434-8E97B3B3B708}.Debug|x64.Build.0 = Debug|Any CPU
		{26D4AA1B-7C1F-4121-8434-8E97B3B3B708}.Debug|x86.ActiveCfg = Debug|Any CPU
		{26D4AA1B-7C1F-4121-8434-8E97B3B3B708}.Debug|x86.Build.0 = Debug|Any CPU
		{26D4AA1B-7C1F-4121-8434-8E97B3B3B708}.Release|Any CPU.ActiveCfg = Release|Any CPU
		{26D4AA1B-7C1F-4121-8434-8E97B3B3B708}.Release|Any CPU.Build.0 = Release|Any CPU
		{26D4AA1B-7C1F-4121-8434-8E97B3B3B708}.Release|x64.ActiveCfg = Release|Any CPU
		{26D4AA1B-7C1F-4121-8434-8E97B3B3B708}.Release|x64.Build.0 = Release|Any CPU
		{26D4AA1B-7C1F-4121-8434-8E97B3B3B708}.Release|x86.ActiveCfg = Release|Any CPU
		{26D4AA1B-7C1F-4121-8434-8E97B3B3B708}.Release|x86.Build.0 = Release|Any CPU
		{B7C2A509-68EA-484C-AA44-8848A27744DC}.Debug|Any CPU.ActiveCfg = Debug|Any CPU
		{B7C2A509-68EA-484C-AA44-8848A27744DC}.Debug|Any CPU.Build.0 = Debug|Any CPU
		{B7C2A509-68EA-484C-AA44-8848A27744DC}.Debug|x64.ActiveCfg = Debug|Any CPU
		{B7C2A509-68EA-484C-AA44-8848A27744DC}.Debug|x64.Build.0 = Debug|Any CPU
		{B7C2A509-68EA-484C-AA44-8848A27744DC}.Debug|x86.ActiveCfg = Debug|Any CPU
		{B7C2A509-68EA-484C-AA44-8848A27744DC}.Debug|x86.Build.0 = Debug|Any CPU
		{B7C2A509-68EA-484C-AA44-8848A27744DC}.Release|Any CPU.ActiveCfg = Release|Any CPU
		{B7C2A509-68EA-484C-AA44-8848A27744DC}.Release|Any CPU.Build.0 = Release|Any CPU
		{B7C2A509-68EA-484C-AA44-8848A27744DC}.Release|x64.ActiveCfg = Release|Any CPU
		{B7C2A509-68EA-484C-AA44-8848A27744DC}.Release|x64.Build.0 = Release|Any CPU
		{B7C2A509-68EA-484C-AA44-8848A27744DC}.Release|x86.ActiveCfg = Release|Any CPU
		{B7C2A509-68EA-484C-AA44-8848A27744DC}.Release|x86.Build.0 = Release|Any CPU
		{62F50E1F-FA54-4479-A89A-F813502C26E5}.Debug|Any CPU.ActiveCfg = Debug|Any CPU
		{62F50E1F-FA54-4479-A89A-F813502C26E5}.Debug|Any CPU.Build.0 = Debug|Any CPU
		{62F50E1F-FA54-4479-A89A-F813502C26E5}.Debug|x64.ActiveCfg = Debug|Any CPU
		{62F50E1F-FA54-4479-A89A-F813502C26E5}.Debug|x64.Build.0 = Debug|Any CPU
		{62F50E1F-FA54-4479-A89A-F813502C26E5}.Debug|x86.ActiveCfg = Debug|Any CPU
		{62F50E1F-FA54-4479-A89A-F813502C26E5}.Debug|x86.Build.0 = Debug|Any CPU
		{62F50E1F-FA54-4479-A89A-F813502C26E5}.Release|Any CPU.ActiveCfg = Release|Any CPU
		{62F50E1F-FA54-4479-A89A-F813502C26E5}.Release|Any CPU.Build.0 = Release|Any CPU
		{62F50E1F-FA54-4479-A89A-F813502C26E5}.Release|x64.ActiveCfg = Release|Any CPU
		{62F50E1F-FA54-4479-A89A-F813502C26E5}.Release|x64.Build.0 = Release|Any CPU
		{62F50E1F-FA54-4479-A89A-F813502C26E5}.Release|x86.ActiveCfg = Release|Any CPU
		{62F50E1F-FA54-4479-A89A-F813502C26E5}.Release|x86.Build.0 = Release|Any CPU
		{A1E37E93-D6EE-4979-ACFC-8918374C76A5}.Debug|Any CPU.ActiveCfg = Debug|Any CPU
		{A1E37E93-D6EE-4979-ACFC-8918374C76A5}.Debug|Any CPU.Build.0 = Debug|Any CPU
		{A1E37E93-D6EE-4979-ACFC-8918374C76A5}.Debug|x64.ActiveCfg = Debug|Any CPU
		{A1E37E93-D6EE-4979-ACFC-8918374C76A5}.Debug|x64.Build.0 = Debug|Any CPU
		{A1E37E93-D6EE-4979-ACFC-8918374C76A5}.Debug|x86.ActiveCfg = Debug|Any CPU
		{A1E37E93-D6EE-4979-ACFC-8918374C76A5}.Debug|x86.Build.0 = Debug|Any CPU
		{A1E37E93-D6EE-4979-ACFC-8918374C76A5}.Release|Any CPU.ActiveCfg = Release|Any CPU
		{A1E37E93-D6EE-4979-ACFC-8918374C76A5}.Release|Any CPU.Build.0 = Release|Any CPU
		{A1E37E93-D6EE-4979-ACFC-8918374C76A5}.Release|x64.ActiveCfg = Release|Any CPU
		{A1E37E93-D6EE-4979-ACFC-8918374C76A5}.Release|x64.Build.0 = Release|Any CPU
		{A1E37E93-D6EE-4979-ACFC-8918374C76A5}.Release|x86.ActiveCfg = Release|Any CPU
		{A1E37E93-D6EE-4979-ACFC-8918374C76A5}.Release|x86.Build.0 = Release|Any CPU
		{AFAF5EC2-6D60-48F2-B46B-8E66B502EDA0}.Debug|Any CPU.ActiveCfg = Debug|Any CPU
		{AFAF5EC2-6D60-48F2-B46B-8E66B502EDA0}.Debug|Any CPU.Build.0 = Debug|Any CPU
		{AFAF5EC2-6D60-48F2-B46B-8E66B502EDA0}.Debug|x64.ActiveCfg = Debug|Any CPU
		{AFAF5EC2-6D60-48F2-B46B-8E66B502EDA0}.Debug|x64.Build.0 = Debug|Any CPU
		{AFAF5EC2-6D60-48F2-B46B-8E66B502EDA0}.Debug|x86.ActiveCfg = Debug|Any CPU
		{AFAF5EC2-6D60-48F2-B46B-8E66B502EDA0}.Debug|x86.Build.0 = Debug|Any CPU
		{AFAF5EC2-6D60-48F2-B46B-8E66B502EDA0}.Release|Any CPU.ActiveCfg = Release|Any CPU
		{AFAF5EC2-6D60-48F2-B46B-8E66B502EDA0}.Release|Any CPU.Build.0 = Release|Any CPU
		{AFAF5EC2-6D60-48F2-B46B-8E66B502EDA0}.Release|x64.ActiveCfg = Release|Any CPU
		{AFAF5EC2-6D60-48F2-B46B-8E66B502EDA0}.Release|x64.Build.0 = Release|Any CPU
		{AFAF5EC2-6D60-48F2-B46B-8E66B502EDA0}.Release|x86.ActiveCfg = Release|Any CPU
		{AFAF5EC2-6D60-48F2-B46B-8E66B502EDA0}.Release|x86.Build.0 = Release|Any CPU
		{A9BEC6C4-E8C7-404E-AF88-2DF245DF55D4}.Debug|Any CPU.ActiveCfg = Debug|Any CPU
		{A9BEC6C4-E8C7-404E-AF88-2DF245DF55D4}.Debug|Any CPU.Build.0 = Debug|Any CPU
		{A9BEC6C4-E8C7-404E-AF88-2DF245DF55D4}.Debug|x64.ActiveCfg = Debug|Any CPU
		{A9BEC6C4-E8C7-404E-AF88-2DF245DF55D4}.Debug|x64.Build.0 = Debug|Any CPU
		{A9BEC6C4-E8C7-404E-AF88-2DF245DF55D4}.Debug|x86.ActiveCfg = Debug|Any CPU
		{A9BEC6C4-E8C7-404E-AF88-2DF245DF55D4}.Debug|x86.Build.0 = Debug|Any CPU
		{A9BEC6C4-E8C7-404E-AF88-2DF245DF55D4}.Release|Any CPU.ActiveCfg = Release|Any CPU
		{A9BEC6C4-E8C7-404E-AF88-2DF245DF55D4}.Release|Any CPU.Build.0 = Release|Any CPU
		{A9BEC6C4-E8C7-404E-AF88-2DF245DF55D4}.Release|x64.ActiveCfg = Release|Any CPU
		{A9BEC6C4-E8C7-404E-AF88-2DF245DF55D4}.Release|x64.Build.0 = Release|Any CPU
		{A9BEC6C4-E8C7-404E-AF88-2DF245DF55D4}.Release|x86.ActiveCfg = Release|Any CPU
		{A9BEC6C4-E8C7-404E-AF88-2DF245DF55D4}.Release|x86.Build.0 = Release|Any CPU
		{F48822C4-6C22-4AF3-84C0-4C8C16C088AD}.Debug|Any CPU.ActiveCfg = Debug|Any CPU
		{F48822C4-6C22-4AF3-84C0-4C8C16C088AD}.Debug|Any CPU.Build.0 = Debug|Any CPU
		{F48822C4-6C22-4AF3-84C0-4C8C16C088AD}.Debug|x64.ActiveCfg = Debug|Any CPU
		{F48822C4-6C22-4AF3-84C0-4C8C16C088AD}.Debug|x64.Build.0 = Debug|Any CPU
		{F48822C4-6C22-4AF3-84C0-4C8C16C088AD}.Debug|x86.ActiveCfg = Debug|Any CPU
		{F48822C4-6C22-4AF3-84C0-4C8C16C088AD}.Debug|x86.Build.0 = Debug|Any CPU
		{F48822C4-6C22-4AF3-84C0-4C8C16C088AD}.Release|Any CPU.ActiveCfg = Release|Any CPU
		{F48822C4-6C22-4AF3-84C0-4C8C16C088AD}.Release|Any CPU.Build.0 = Release|Any CPU
		{F48822C4-6C22-4AF3-84C0-4C8C16C088AD}.Release|x64.ActiveCfg = Release|Any CPU
		{F48822C4-6C22-4AF3-84C0-4C8C16C088AD}.Release|x64.Build.0 = Release|Any CPU
		{F48822C4-6C22-4AF3-84C0-4C8C16C088AD}.Release|x86.ActiveCfg = Release|Any CPU
		{F48822C4-6C22-4AF3-84C0-4C8C16C088AD}.Release|x86.Build.0 = Release|Any CPU
		{CB074930-8609-4C9A-BE89-27AE7B3E9389}.Debug|Any CPU.ActiveCfg = Debug|Any CPU
		{CB074930-8609-4C9A-BE89-27AE7B3E9389}.Debug|Any CPU.Build.0 = Debug|Any CPU
		{CB074930-8609-4C9A-BE89-27AE7B3E9389}.Debug|x64.ActiveCfg = Debug|Any CPU
		{CB074930-8609-4C9A-BE89-27AE7B3E9389}.Debug|x64.Build.0 = Debug|Any CPU
		{CB074930-8609-4C9A-BE89-27AE7B3E9389}.Debug|x86.ActiveCfg = Debug|Any CPU
		{CB074930-8609-4C9A-BE89-27AE7B3E9389}.Debug|x86.Build.0 = Debug|Any CPU
		{CB074930-8609-4C9A-BE89-27AE7B3E9389}.Release|Any CPU.ActiveCfg = Release|Any CPU
		{CB074930-8609-4C9A-BE89-27AE7B3E9389}.Release|Any CPU.Build.0 = Release|Any CPU
		{CB074930-8609-4C9A-BE89-27AE7B3E9389}.Release|x64.ActiveCfg = Release|Any CPU
		{CB074930-8609-4C9A-BE89-27AE7B3E9389}.Release|x64.Build.0 = Release|Any CPU
		{CB074930-8609-4C9A-BE89-27AE7B3E9389}.Release|x86.ActiveCfg = Release|Any CPU
		{CB074930-8609-4C9A-BE89-27AE7B3E9389}.Release|x86.Build.0 = Release|Any CPU
		{02EC50C9-9271-411C-9AC3-AFA6D1F8C369}.Debug|Any CPU.ActiveCfg = Debug|Any CPU
		{02EC50C9-9271-411C-9AC3-AFA6D1F8C369}.Debug|Any CPU.Build.0 = Debug|Any CPU
		{02EC50C9-9271-411C-9AC3-AFA6D1F8C369}.Debug|x64.ActiveCfg = Debug|Any CPU
		{02EC50C9-9271-411C-9AC3-AFA6D1F8C369}.Debug|x64.Build.0 = Debug|Any CPU
		{02EC50C9-9271-411C-9AC3-AFA6D1F8C369}.Debug|x86.ActiveCfg = Debug|Any CPU
		{02EC50C9-9271-411C-9AC3-AFA6D1F8C369}.Debug|x86.Build.0 = Debug|Any CPU
		{02EC50C9-9271-411C-9AC3-AFA6D1F8C369}.Release|Any CPU.ActiveCfg = Release|Any CPU
		{02EC50C9-9271-411C-9AC3-AFA6D1F8C369}.Release|Any CPU.Build.0 = Release|Any CPU
		{02EC50C9-9271-411C-9AC3-AFA6D1F8C369}.Release|x64.ActiveCfg = Release|Any CPU
		{02EC50C9-9271-411C-9AC3-AFA6D1F8C369}.Release|x64.Build.0 = Release|Any CPU
		{02EC50C9-9271-411C-9AC3-AFA6D1F8C369}.Release|x86.ActiveCfg = Release|Any CPU
		{02EC50C9-9271-411C-9AC3-AFA6D1F8C369}.Release|x86.Build.0 = Release|Any CPU
		{FD2C0C6C-332B-407E-BDDA-D3D39468CF37}.Debug|Any CPU.ActiveCfg = Debug|Any CPU
		{FD2C0C6C-332B-407E-BDDA-D3D39468CF37}.Debug|Any CPU.Build.0 = Debug|Any CPU
		{FD2C0C6C-332B-407E-BDDA-D3D39468CF37}.Debug|x64.ActiveCfg = Debug|Any CPU
		{FD2C0C6C-332B-407E-BDDA-D3D39468CF37}.Debug|x64.Build.0 = Debug|Any CPU
		{FD2C0C6C-332B-407E-BDDA-D3D39468CF37}.Debug|x86.ActiveCfg = Debug|Any CPU
		{FD2C0C6C-332B-407E-BDDA-D3D39468CF37}.Debug|x86.Build.0 = Debug|Any CPU
		{FD2C0C6C-332B-407E-BDDA-D3D39468CF37}.Release|Any CPU.ActiveCfg = Release|Any CPU
		{FD2C0C6C-332B-407E-BDDA-D3D39468CF37}.Release|Any CPU.Build.0 = Release|Any CPU
		{FD2C0C6C-332B-407E-BDDA-D3D39468CF37}.Release|x64.ActiveCfg = Release|Any CPU
		{FD2C0C6C-332B-407E-BDDA-D3D39468CF37}.Release|x64.Build.0 = Release|Any CPU
		{FD2C0C6C-332B-407E-BDDA-D3D39468CF37}.Release|x86.ActiveCfg = Release|Any CPU
		{FD2C0C6C-332B-407E-BDDA-D3D39468CF37}.Release|x86.Build.0 = Release|Any CPU
		{B99890BA-45E0-452C-9C51-1727006F070F}.Debug|Any CPU.ActiveCfg = Debug|Any CPU
		{B99890BA-45E0-452C-9C51-1727006F070F}.Debug|Any CPU.Build.0 = Debug|Any CPU
		{B99890BA-45E0-452C-9C51-1727006F070F}.Debug|x64.ActiveCfg = Debug|Any CPU
		{B99890BA-45E0-452C-9C51-1727006F070F}.Debug|x64.Build.0 = Debug|Any CPU
		{B99890BA-45E0-452C-9C51-1727006F070F}.Debug|x86.ActiveCfg = Debug|Any CPU
		{B99890BA-45E0-452C-9C51-1727006F070F}.Debug|x86.Build.0 = Debug|Any CPU
		{B99890BA-45E0-452C-9C51-1727006F070F}.Release|Any CPU.ActiveCfg = Release|Any CPU
		{B99890BA-45E0-452C-9C51-1727006F070F}.Release|Any CPU.Build.0 = Release|Any CPU
		{B99890BA-45E0-452C-9C51-1727006F070F}.Release|x64.ActiveCfg = Release|Any CPU
		{B99890BA-45E0-452C-9C51-1727006F070F}.Release|x64.Build.0 = Release|Any CPU
		{B99890BA-45E0-452C-9C51-1727006F070F}.Release|x86.ActiveCfg = Release|Any CPU
		{B99890BA-45E0-452C-9C51-1727006F070F}.Release|x86.Build.0 = Release|Any CPU
	EndGlobalSection
	GlobalSection(SolutionProperties) = preSolution
		HideSolutionNode = FALSE
	EndGlobalSection
	GlobalSection(NestedProjects) = preSolution
		{FA4FD2F5-D5CB-42A6-A61C-EEB625B13C75} = {827E0CD3-B72D-47B6-A68D-7590B98EB39B}
		{FC913CFD-4DB7-49C0-AB72-78148DA69F65} = {827E0CD3-B72D-47B6-A68D-7590B98EB39B}
		{8DE2D525-473C-42C7-96AF-72D170531D71} = {827E0CD3-B72D-47B6-A68D-7590B98EB39B}
		{11152314-53AC-4FAB-8FEB-D82263B42E16} = {827E0CD3-B72D-47B6-A68D-7590B98EB39B}
		{5D64BFBD-D24B-4A94-92F0-41461AA63CBD} = {827E0CD3-B72D-47B6-A68D-7590B98EB39B}
		{2715665F-1193-4EE1-A307-B70997A411BA} = {827E0CD3-B72D-47B6-A68D-7590B98EB39B}
		{D9EF119C-7BAD-44F9-97E9-FC46EE564836} = {827E0CD3-B72D-47B6-A68D-7590B98EB39B}
		{266DF705-C423-4A33-A942-2B7E6A207BDE} = {827E0CD3-B72D-47B6-A68D-7590B98EB39B}
		{6195A1EF-EE0B-490C-A564-027F785CE850} = {827E0CD3-B72D-47B6-A68D-7590B98EB39B}
		{4DAE2538-B028-46E3-8D3B-3D74554D9B47} = {827E0CD3-B72D-47B6-A68D-7590B98EB39B}
		{14EE225E-8B6D-4023-8135-24B867C91ACC} = {827E0CD3-B72D-47B6-A68D-7590B98EB39B}
		{26D4AA1B-7C1F-4121-8434-8E97B3B3B708} = {827E0CD3-B72D-47B6-A68D-7590B98EB39B}
		{B7C2A509-68EA-484C-AA44-8848A27744DC} = {827E0CD3-B72D-47B6-A68D-7590B98EB39B}
		{62F50E1F-FA54-4479-A89A-F813502C26E5} = {827E0CD3-B72D-47B6-A68D-7590B98EB39B}
		{A1E37E93-D6EE-4979-ACFC-8918374C76A5} = {827E0CD3-B72D-47B6-A68D-7590B98EB39B}
		{AFAF5EC2-6D60-48F2-B46B-8E66B502EDA0} = {827E0CD3-B72D-47B6-A68D-7590B98EB39B}
		{A9BEC6C4-E8C7-404E-AF88-2DF245DF55D4} = {827E0CD3-B72D-47B6-A68D-7590B98EB39B}
		{F48822C4-6C22-4AF3-84C0-4C8C16C088AD} = {827E0CD3-B72D-47B6-A68D-7590B98EB39B}
		{CB074930-8609-4C9A-BE89-27AE7B3E9389} = {827E0CD3-B72D-47B6-A68D-7590B98EB39B}
		{02EC50C9-9271-411C-9AC3-AFA6D1F8C369} = {827E0CD3-B72D-47B6-A68D-7590B98EB39B}
		{FD2C0C6C-332B-407E-BDDA-D3D39468CF37} = {0AB3BF05-4346-4AA6-1389-037BE0695223}
		{B99890BA-45E0-452C-9C51-1727006F070F} = {0AB3BF05-4346-4AA6-1389-037BE0695223}
	EndGlobalSection
EndGlobal
